
Microsoft Visual Studio Solution File, Format Version 12.00
# Visual Studio 14
VisualStudioVersion = 14.0.23107.0
MinimumVisualStudioVersion = 10.0.40219.1
Project("{FAE04EC0-301F-11D3-BF4B-00C04F79EFBC}") = "Lumer", "Lumer\Lumer.csproj", "{0118CB60-4401-4F6C-BA1C-65FEFD17256B}"
EndProject
Project("{FAE04EC0-301F-11D3-BF4B-00C04F79EFBC}") = "Lumer.Tests", "Lumer.Tests\Lumer.Tests.csproj", "{784A3A83-39F1-456E-9646-1965007BFBE7}"
EndProject
Global
	GlobalSection(SolutionConfigurationPlatforms) = preSolution
		Debug|Any CPU = Debug|Any CPU
		Release|Any CPU = Release|Any CPU
	EndGlobalSection
	GlobalSection(ProjectConfigurationPlatforms) = postSolution
		{0118CB60-4401-4F6C-BA1C-65FEFD17256B}.Debug|Any CPU.ActiveCfg = Debug|Any CPU
		{0118CB60-4401-4F6C-BA1C-65FEFD17256B}.Debug|Any CPU.Build.0 = Debug|Any CPU
		{0118CB60-4401-4F6C-BA1C-65FEFD17256B}.Release|Any CPU.ActiveCfg = Release|Any CPU
		{0118CB60-4401-4F6C-BA1C-65FEFD17256B}.Release|Any CPU.Build.0 = Release|Any CPU
		{784A3A83-39F1-456E-9646-1965007BFBE7}.Debug|Any CPU.ActiveCfg = Debug|Any CPU
		{784A3A83-39F1-456E-9646-1965007BFBE7}.Debug|Any CPU.Build.0 = Debug|Any CPU
		{784A3A83-39F1-456E-9646-1965007BFBE7}.Release|Any CPU.ActiveCfg = Release|Any CPU
		{784A3A83-39F1-456E-9646-1965007BFBE7}.Release|Any CPU.Build.0 = Release|Any CPU
	EndGlobalSection
	GlobalSection(SolutionProperties) = preSolution
		HideSolutionNode = FALSE
	EndGlobalSection
EndGlobal
